
Microsoft Visual Studio Solution File, Format Version 12.00
# Visual Studio Version 17
VisualStudioVersion = 17.14.36109.1
MinimumVisualStudioVersion = 10.0.40219.1
Project("{FAE04EC0-301F-11D3-BF4B-00C04F79EFBC}") = "CouponAPI", "CouponAPI\CouponAPI.csproj", "{558D87C4-E473-4DE0-A3CB-8349F34B2123}"
EndProject
Project("{2150E333-8FDC-42A3-9474-1A3956D46DE8}") = "FrontEnd", "FrontEnd", "{02EA681E-C7D8-13C7-8484-4AC65E1B71E8}"
EndProject
Project("{FAE04EC0-301F-11D3-BF4B-00C04F79EFBC}") = "Mango.Web", "Mango.Web\Mango.Web.csproj", "{32E80C66-E58C-4D8A-B60F-2429F77CEBEE}"
EndProject
Project("{2150E333-8FDC-42A3-9474-1A3956D46DE8}") = "services", "services", "{6F7C0FBD-AF9B-4580-B1B2-F7B79889DF7C}"
EndProject
Project("{FAE04EC0-301F-11D3-BF4B-00C04F79EFBC}") = "Mango.Services.AuthAPI", "Mango.Services.AuthAPI\Mango.Services.AuthAPI.csproj", "{CF8ADFE1-A6E8-454E-BA8A-E983C9FD452E}"
EndProject
Project("{FAE04EC0-301F-11D3-BF4B-00C04F79EFBC}") = "Mango.Services.ProductAPI", "Mango.Services.ProductAPI\Mango.Services.ProductAPI.csproj", "{A90ACD78-ED2C-4F68-99C1-6EDD9FB69061}"
EndProject
Project("{FAE04EC0-301F-11D3-BF4B-00C04F79EFBC}") = "Mango.Services.ShoppingCartAPI", "Mango.Services.ShoppingCartAPI\Mango.Services.ShoppingCartAPI.csproj", "{4E9FB46F-B981-464A-9100-62271498B609}"
EndProject
Global
	GlobalSection(SolutionConfigurationPlatforms) = preSolution
		Debug|Any CPU = Debug|Any CPU
		Release|Any CPU = Release|Any CPU
	EndGlobalSection
	GlobalSection(ProjectConfigurationPlatforms) = postSolution
		{558D87C4-E473-4DE0-A3CB-8349F34B2123}.Debug|Any CPU.ActiveCfg = Debug|Any CPU
		{558D87C4-E473-4DE0-A3CB-8349F34B2123}.Debug|Any CPU.Build.0 = Debug|Any CPU
		{558D87C4-E473-4DE0-A3CB-8349F34B2123}.Release|Any CPU.ActiveCfg = Release|Any CPU
		{558D87C4-E473-4DE0-A3CB-8349F34B2123}.Release|Any CPU.Build.0 = Release|Any CPU
		{32E80C66-E58C-4D8A-B60F-2429F77CEBEE}.Debug|Any CPU.ActiveCfg = Debug|Any CPU
		{32E80C66-E58C-4D8A-B60F-2429F77CEBEE}.Debug|Any CPU.Build.0 = Debug|Any CPU
		{32E80C66-E58C-4D8A-B60F-2429F77CEBEE}.Release|Any CPU.ActiveCfg = Release|Any CPU
		{32E80C66-E58C-4D8A-B60F-2429F77CEBEE}.Release|Any CPU.Build.0 = Release|Any CPU
		{CF8ADFE1-A6E8-454E-BA8A-E983C9FD452E}.Debug|Any CPU.ActiveCfg = Debug|Any CPU
		{CF8ADFE1-A6E8-454E-BA8A-E983C9FD452E}.Debug|Any CPU.Build.0 = Debug|Any CPU
		{CF8ADFE1-A6E8-454E-BA8A-E983C9FD452E}.Release|Any CPU.ActiveCfg = Release|Any CPU
		{CF8ADFE1-A6E8-454E-BA8A-E983C9FD452E}.Release|Any CPU.Build.0 = Release|Any CPU
		{A90ACD78-ED2C-4F68-99C1-6EDD9FB69061}.Debug|Any CPU.ActiveCfg = Debug|Any CPU
		{A90ACD78-ED2C-4F68-99C1-6EDD9FB69061}.Debug|Any CPU.Build.0 = Debug|Any CPU
		{A90ACD78-ED2C-4F68-99C1-6EDD9FB69061}.Release|Any CPU.ActiveCfg = Release|Any CPU
		{A90ACD78-ED2C-4F68-99C1-6EDD9FB69061}.Release|Any CPU.Build.0 = Release|Any CPU
		{4E9FB46F-B981-464A-9100-62271498B609}.Debug|Any CPU.ActiveCfg = Debug|Any CPU
		{4E9FB46F-B981-464A-9100-62271498B609}.Debug|Any CPU.Build.0 = Debug|Any CPU
		{4E9FB46F-B981-464A-9100-62271498B609}.Release|Any CPU.ActiveCfg = Release|Any CPU
		{4E9FB46F-B981-464A-9100-62271498B609}.Release|Any CPU.Build.0 = Release|Any CPU
	EndGlobalSection
	GlobalSection(SolutionProperties) = preSolution
		HideSolutionNode = FALSE
	EndGlobalSection
	GlobalSection(NestedProjects) = preSolution
		{558D87C4-E473-4DE0-A3CB-8349F34B2123} = {6F7C0FBD-AF9B-4580-B1B2-F7B79889DF7C}
		{32E80C66-E58C-4D8A-B60F-2429F77CEBEE} = {02EA681E-C7D8-13C7-8484-4AC65E1B71E8}
		{CF8ADFE1-A6E8-454E-BA8A-E983C9FD452E} = {6F7C0FBD-AF9B-4580-B1B2-F7B79889DF7C}
		{A90ACD78-ED2C-4F68-99C1-6EDD9FB69061} = {6F7C0FBD-AF9B-4580-B1B2-F7B79889DF7C}
		{4E9FB46F-B981-464A-9100-62271498B609} = {6F7C0FBD-AF9B-4580-B1B2-F7B79889DF7C}
	EndGlobalSection
	GlobalSection(ExtensibilityGlobals) = postSolution
		SolutionGuid = {536ED758-D004-4403-AC25-5C0160AD7E84}
	EndGlobalSection
EndGlobal
